// !$*UTF8*$!
{
	archiveVersion = 1;
	classes = {
	};
	objectVersion = 77;
	objects = {

/* Begin PBXBuildFile section */
		CE34BACC2CEDF97D008C857A /* SystemExtensions.framework in Frameworks */ = {isa = PBXBuildFile; fileRef = CE34BACB2CEDF97D008C857A /* SystemExtensions.framework */; };
		CE34BAE72CEDFC2E008C857A /* USBDriverKit.framework in Frameworks */ = {isa = PBXBuildFile; fileRef = CE34BAE62CEDFC2E008C857A /* USBDriverKit.framework */; };
		CED13D722CEDED7E001EDE28 /* DriverKit.framework in Frameworks */ = {isa = PBXBuildFile; fileRef = CED13D712CEDED7E001EDE28 /* DriverKit.framework */; };
		CED13D7B2CEDED7E001EDE28 /* com.UsbBlocker.Driver.dext in Embed System Extensions */ = {isa = PBXBuildFile; fileRef = CED13D6F2CEDED7E001EDE28 /* com.UsbBlocker.Driver.dext */; settings = {ATTRIBUTES = (RemoveHeadersOnCopy, ); }; };
/* End PBXBuildFile section */

/* Begin PBXContainerItemProxy section */
		CED13D792CEDED7E001EDE28 /* PBXContainerItemProxy */ = {
			isa = PBXContainerItemProxy;
			containerPortal = CED13D502CEDEBCC001EDE28 /* Project object */;
			proxyType = 1;
			remoteGlobalIDString = CED13D6E2CEDED7E001EDE28;
			remoteInfo = UsbBlockerDriver;
		};
/* End PBXContainerItemProxy section */

/* Begin PBXCopyFilesBuildPhase section */
		CED13D802CEDED7E001EDE28 /* Embed System Extensions */ = {
			isa = PBXCopyFilesBuildPhase;
			buildActionMask = 2147483647;
			dstPath = "$(SYSTEM_EXTENSIONS_FOLDER_PATH)";
			dstSubfolderSpec = 16;
			files = (
				CED13D7B2CEDED7E001EDE28 /* com.UsbBlocker.Driver.dext in Embed System Extensions */,
			);
			name = "Embed System Extensions";
			runOnlyForDeploymentPostprocessing = 0;
		};
/* End PBXCopyFilesBuildPhase section */

/* Begin PBXFileReference section */
		CE34BACB2CEDF97D008C857A /* SystemExtensions.framework */ = {isa = PBXFileReference; lastKnownFileType = wrapper.framework; name = SystemExtensions.framework; path = System/Library/Frameworks/SystemExtensions.framework; sourceTree = SDKROOT; };
		CE34BAE62CEDFC2E008C857A /* USBDriverKit.framework */ = {isa = PBXFileReference; lastKnownFileType = wrapper.framework; name = USBDriverKit.framework; path = Platforms/DriverKit.platform/Developer/SDKs/DriverKit24.1.sdk/System/DriverKit/System/Library/Frameworks/USBDriverKit.framework; sourceTree = DEVELOPER_DIR; };
		CED13D582CEDEBCC001EDE28 /* UsbBlockerApp.app */ = {isa = PBXFileReference; explicitFileType = wrapper.application; includeInIndex = 0; path = UsbBlockerApp.app; sourceTree = BUILT_PRODUCTS_DIR; };
		CED13D6F2CEDED7E001EDE28 /* com.UsbBlocker.Driver.dext */ = {isa = PBXFileReference; explicitFileType = "wrapper.driver-extension"; includeInIndex = 0; path = com.UsbBlocker.Driver.dext; sourceTree = BUILT_PRODUCTS_DIR; };
		CED13D712CEDED7E001EDE28 /* DriverKit.framework */ = {isa = PBXFileReference; lastKnownFileType = wrapper.framework; name = DriverKit.framework; path = System/Library/Frameworks/DriverKit.framework; sourceTree = SDKROOT; };
/* End PBXFileReference section */

/* Begin PBXFileSystemSynchronizedBuildFileExceptionSet section */
		CED13D7C2CEDED7E001EDE28 /* Exceptions for "UsbBlockerDriver" folder in "UsbBlockerDriver" target */ = {
			isa = PBXFileSystemSynchronizedBuildFileExceptionSet;
			membershipExceptions = (
				Info.plist,
			);
			target = CED13D6E2CEDED7E001EDE28 /* UsbBlockerDriver */;
		};
/* End PBXFileSystemSynchronizedBuildFileExceptionSet section */

/* Begin PBXFileSystemSynchronizedRootGroup section */
		CED13D5A2CEDEBCC001EDE28 /* UsbBlockerApp */ = {
			isa = PBXFileSystemSynchronizedRootGroup;
			path = UsbBlockerApp;
			sourceTree = "<group>";
		};
		CED13D732CEDED7E001EDE28 /* UsbBlockerDriver */ = {
			isa = PBXFileSystemSynchronizedRootGroup;
			exceptions = (
				CED13D7C2CEDED7E001EDE28 /* Exceptions for "UsbBlockerDriver" folder in "UsbBlockerDriver" target */,
			);
			path = UsbBlockerDriver;
			sourceTree = "<group>";
		};
/* End PBXFileSystemSynchronizedRootGroup section */

/* Begin PBXFrameworksBuildPhase section */
		CED13D552CEDEBCC001EDE28 /* Frameworks */ = {
			isa = PBXFrameworksBuildPhase;
			buildActionMask = 2147483647;
			files = (
				CE34BACC2CEDF97D008C857A /* SystemExtensions.framework in Frameworks */,
			);
			runOnlyForDeploymentPostprocessing = 0;
		};
		CED13D6C2CEDED7E001EDE28 /* Frameworks */ = {
			isa = PBXFrameworksBuildPhase;
			buildActionMask = 2147483647;
			files = (
				CE34BAE72CEDFC2E008C857A /* USBDriverKit.framework in Frameworks */,
				CED13D722CEDED7E001EDE28 /* DriverKit.framework in Frameworks */,
			);
			runOnlyForDeploymentPostprocessing = 0;
		};
/* End PBXFrameworksBuildPhase section */

/* Begin PBXGroup section */
		CED13D4F2CEDEBCC001EDE28 = {
			isa = PBXGroup;
			children = (
				CED13D5A2CEDEBCC001EDE28 /* UsbBlockerApp */,
				CED13D732CEDED7E001EDE28 /* UsbBlockerDriver */,
				CED13D702CEDED7E001EDE28 /* Frameworks */,
				CED13D592CEDEBCC001EDE28 /* Products */,
			);
			sourceTree = "<group>";
		};
		CED13D592CEDEBCC001EDE28 /* Products */ = {
			isa = PBXGroup;
			children = (
				CED13D582CEDEBCC001EDE28 /* UsbBlockerApp.app */,
				CED13D6F2CEDED7E001EDE28 /* com.UsbBlocker.Driver.dext */,
			);
			name = Products;
			sourceTree = "<group>";
		};
		CED13D702CEDED7E001EDE28 /* Frameworks */ = {
			isa = PBXGroup;
			children = (
				CE34BAE62CEDFC2E008C857A /* USBDriverKit.framework */,
				CE34BACB2CEDF97D008C857A /* SystemExtensions.framework */,
				CED13D712CEDED7E001EDE28 /* DriverKit.framework */,
			);
			name = Frameworks;
			sourceTree = "<group>";
		};
/* End PBXGroup section */

/* Begin PBXHeadersBuildPhase section */
		CED13D6A2CEDED7E001EDE28 /* Headers */ = {
			isa = PBXHeadersBuildPhase;
			buildActionMask = 2147483647;
			files = (
			);
			runOnlyForDeploymentPostprocessing = 0;
		};
/* End PBXHeadersBuildPhase section */

/* Begin PBXNativeTarget section */
		CED13D572CEDEBCC001EDE28 /* UsbBlockerApp */ = {
			isa = PBXNativeTarget;
			buildConfigurationList = CED13D672CEDEBCE001EDE28 /* Build configuration list for PBXNativeTarget "UsbBlockerApp" */;
			buildPhases = (
				CED13D542CEDEBCC001EDE28 /* Sources */,
				CED13D552CEDEBCC001EDE28 /* Frameworks */,
				CED13D562CEDEBCC001EDE28 /* Resources */,
				CED13D802CEDED7E001EDE28 /* Embed System Extensions */,
			);
			buildRules = (
			);
			dependencies = (
				CED13D7A2CEDED7E001EDE28 /* PBXTargetDependency */,
			);
			fileSystemSynchronizedGroups = (
				CED13D5A2CEDEBCC001EDE28 /* UsbBlockerApp */,
			);
			name = UsbBlockerApp;
			packageProductDependencies = (
			);
			productName = UsbBlockerApp;
			productReference = CED13D582CEDEBCC001EDE28 /* UsbBlockerApp.app */;
			productType = "com.apple.product-type.application";
		};
		CED13D6E2CEDED7E001EDE28 /* UsbBlockerDriver */ = {
			isa = PBXNativeTarget;
			buildConfigurationList = CED13D7D2CEDED7E001EDE28 /* Build configuration list for PBXNativeTarget "UsbBlockerDriver" */;
			buildPhases = (
				CED13D6A2CEDED7E001EDE28 /* Headers */,
				CED13D6B2CEDED7E001EDE28 /* Sources */,
				CED13D6C2CEDED7E001EDE28 /* Frameworks */,
				CED13D6D2CEDED7E001EDE28 /* Resources */,
			);
			buildRules = (
			);
			dependencies = (
			);
			fileSystemSynchronizedGroups = (
				CED13D732CEDED7E001EDE28 /* UsbBlockerDriver */,
			);
			name = UsbBlockerDriver;
			packageProductDependencies = (
			);
			productName = UsbBlockerDriver;
			productReference = CED13D6F2CEDED7E001EDE28 /* com.UsbBlocker.Driver.dext */;
			productType = "com.apple.product-type.driver-extension";
		};
/* End PBXNativeTarget section */

/* Begin PBXProject section */
		CED13D502CEDEBCC001EDE28 /* Project object */ = {
			isa = PBXProject;
			attributes = {
				BuildIndependentTargetsInParallel = 1;
				LastSwiftUpdateCheck = 1610;
				LastUpgradeCheck = 1610;
				TargetAttributes = {
					CED13D572CEDEBCC001EDE28 = {
						CreatedOnToolsVersion = 16.1;
					};
					CED13D6E2CEDED7E001EDE28 = {
						CreatedOnToolsVersion = 16.1;
					};
				};
			};
			buildConfigurationList = CED13D532CEDEBCC001EDE28 /* Build configuration list for PBXProject "UsbBlockerApp" */;
			developmentRegion = en;
			hasScannedForEncodings = 0;
			knownRegions = (
				en,
				Base,
			);
			mainGroup = CED13D4F2CEDEBCC001EDE28;
			minimizedProjectReferenceProxies = 1;
			preferredProjectObjectVersion = 77;
			productRefGroup = CED13D592CEDEBCC001EDE28 /* Products */;
			projectDirPath = "";
			projectRoot = "";
			targets = (
				CED13D572CEDEBCC001EDE28 /* UsbBlockerApp */,
				CED13D6E2CEDED7E001EDE28 /* UsbBlockerDriver */,
			);
		};
/* End PBXProject section */

/* Begin PBXResourcesBuildPhase section */
		CED13D562CEDEBCC001EDE28 /* Resources */ = {
			isa = PBXResourcesBuildPhase;
			buildActionMask = 2147483647;
			files = (
			);
			runOnlyForDeploymentPostprocessing = 0;
		};
		CED13D6D2CEDED7E001EDE28 /* Resources */ = {
			isa = PBXResourcesBuildPhase;
			buildActionMask = 2147483647;
			files = (
			);
			runOnlyForDeploymentPostprocessing = 0;
		};
/* End PBXResourcesBuildPhase section */

/* Begin PBXSourcesBuildPhase section */
		CED13D542CEDEBCC001EDE28 /* Sources */ = {
			isa = PBXSourcesBuildPhase;
			buildActionMask = 2147483647;
			files = (
			);
			runOnlyForDeploymentPostprocessing = 0;
		};
		CED13D6B2CEDED7E001EDE28 /* Sources */ = {
			isa = PBXSourcesBuildPhase;
			buildActionMask = 2147483647;
			files = (
			);
			runOnlyForDeploymentPostprocessing = 0;
		};
/* End PBXSourcesBuildPhase section */

/* Begin PBXTargetDependency section */
		CED13D7A2CEDED7E001EDE28 /* PBXTargetDependency */ = {
			isa = PBXTargetDependency;
			target = CED13D6E2CEDED7E001EDE28 /* UsbBlockerDriver */;
			targetProxy = CED13D792CEDED7E001EDE28 /* PBXContainerItemProxy */;
		};
/* End PBXTargetDependency section */

/* Begin XCBuildConfiguration section */
		CED13D652CEDEBCE001EDE28 /* Debug */ = {
			isa = XCBuildConfiguration;
			buildSettings = {
				ALWAYS_SEARCH_USER_PATHS = NO;
				ASSETCATALOG_COMPILER_GENERATE_SWIFT_ASSET_SYMBOL_EXTENSIONS = YES;
				CLANG_ANALYZER_NONNULL = YES;
				CLANG_ANALYZER_NUMBER_OBJECT_CONVERSION = YES_AGGRESSIVE;
				CLANG_CXX_LANGUAGE_STANDARD = "gnu++20";
				CLANG_ENABLE_MODULES = YES;
				CLANG_ENABLE_OBJC_ARC = YES;
				CLANG_ENABLE_OBJC_WEAK = YES;
				CLANG_WARN_BLOCK_CAPTURE_AUTORELEASING = YES;
				CLANG_WARN_BOOL_CONVERSION = YES;
				CLANG_WARN_COMMA = YES;
				CLANG_WARN_CONSTANT_CONVERSION = YES;
				CLANG_WARN_DEPRECATED_OBJC_IMPLEMENTATIONS = YES;
				CLANG_WARN_DIRECT_OBJC_ISA_USAGE = YES_ERROR;
				CLANG_WARN_DOCUMENTATION_COMMENTS = YES;
				CLANG_WARN_EMPTY_BODY = YES;
				CLANG_WARN_ENUM_CONVERSION = YES;
				CLANG_WARN_INFINITE_RECURSION = YES;
				CLANG_WARN_INT_CONVERSION = YES;
				CLANG_WARN_NON_LITERAL_NULL_CONVERSION = YES;
				CLANG_WARN_OBJC_IMPLICIT_RETAIN_SELF = YES;
				CLANG_WARN_OBJC_LITERAL_CONVERSION = YES;
				CLANG_WARN_OBJC_ROOT_CLASS = YES_ERROR;
				CLANG_WARN_QUOTED_INCLUDE_IN_FRAMEWORK_HEADER = YES;
				CLANG_WARN_RANGE_LOOP_ANALYSIS = YES;
				CLANG_WARN_STRICT_PROTOTYPES = YES;
				CLANG_WARN_SUSPICIOUS_MOVE = YES;
				CLANG_WARN_UNGUARDED_AVAILABILITY = YES_AGGRESSIVE;
				CLANG_WARN_UNREACHABLE_CODE = YES;
				CLANG_WARN__DUPLICATE_METHOD_MATCH = YES;
				COPY_PHASE_STRIP = NO;
				DEBUG_INFORMATION_FORMAT = dwarf;
				ENABLE_STRICT_OBJC_MSGSEND = YES;
				ENABLE_TESTABILITY = YES;
				ENABLE_USER_SCRIPT_SANDBOXING = YES;
				GCC_C_LANGUAGE_STANDARD = gnu17;
				GCC_DYNAMIC_NO_PIC = NO;
				GCC_NO_COMMON_BLOCKS = YES;
				GCC_OPTIMIZATION_LEVEL = 0;
				GCC_PREPROCESSOR_DEFINITIONS = (
					"DEBUG=1",
					"$(inherited)",
				);
				GCC_WARN_64_TO_32_BIT_CONVERSION = YES;
				GCC_WARN_ABOUT_RETURN_TYPE = YES_ERROR;
				GCC_WARN_UNDECLARED_SELECTOR = YES;
				GCC_WARN_UNINITIALIZED_AUTOS = YES_AGGRESSIVE;
				GCC_WARN_UNUSED_FUNCTION = YES;
				GCC_WARN_UNUSED_VARIABLE = YES;
				LOCALIZATION_PREFERS_STRING_CATALOGS = YES;
				MACOSX_DEPLOYMENT_TARGET = 14.7;
				MTL_ENABLE_DEBUG_INFO = INCLUDE_SOURCE;
				MTL_FAST_MATH = YES;
				ONLY_ACTIVE_ARCH = YES;
				SDKROOT = macosx;
				SWIFT_ACTIVE_COMPILATION_CONDITIONS = "DEBUG $(inherited)";
				SWIFT_OPTIMIZATION_LEVEL = "-Onone";
			};
			name = Debug;
		};
		CED13D662CEDEBCE001EDE28 /* Release */ = {
			isa = XCBuildConfiguration;
			buildSettings = {
				ALWAYS_SEARCH_USER_PATHS = NO;
				ASSETCATALOG_COMPILER_GENERATE_SWIFT_ASSET_SYMBOL_EXTENSIONS = YES;
				CLANG_ANALYZER_NONNULL = YES;
				CLANG_ANALYZER_NUMBER_OBJECT_CONVERSION = YES_AGGRESSIVE;
				CLANG_CXX_LANGUAGE_STANDARD = "gnu++20";
				CLANG_ENABLE_MODULES = YES;
				CLANG_ENABLE_OBJC_ARC = YES;
				CLANG_ENABLE_OBJC_WEAK = YES;
				CLANG_WARN_BLOCK_CAPTURE_AUTORELEASING = YES;
				CLANG_WARN_BOOL_CONVERSION = YES;
				CLANG_WARN_COMMA = YES;
				CLANG_WARN_CONSTANT_CONVERSION = YES;
				CLANG_WARN_DEPRECATED_OBJC_IMPLEMENTATIONS = YES;
				CLANG_WARN_DIRECT_OBJC_ISA_USAGE = YES_ERROR;
				CLANG_WARN_DOCUMENTATION_COMMENTS = YES;
				CLANG_WARN_EMPTY_BODY = YES;
				CLANG_WARN_ENUM_CONVERSION = YES;
				CLANG_WARN_INFINITE_RECURSION = YES;
				CLANG_WARN_INT_CONVERSION = YES;
				CLANG_WARN_NON_LITERAL_NULL_CONVERSION = YES;
				CLANG_WARN_OBJC_IMPLICIT_RETAIN_SELF = YES;
				CLANG_WARN_OBJC_LITERAL_CONVERSION = YES;
				CLANG_WARN_OBJC_ROOT_CLASS = YES_ERROR;
				CLANG_WARN_QUOTED_INCLUDE_IN_FRAMEWORK_HEADER = YES;
				CLANG_WARN_RANGE_LOOP_ANALYSIS = YES;
				CLANG_WARN_STRICT_PROTOTYPES = YES;
				CLANG_WARN_SUSPICIOUS_MOVE = YES;
				CLANG_WARN_UNGUARDED_AVAILABILITY = YES_AGGRESSIVE;
				CLANG_WARN_UNREACHABLE_CODE = YES;
				CLANG_WARN__DUPLICATE_METHOD_MATCH = YES;
				COPY_PHASE_STRIP = NO;
				DEBUG_INFORMATION_FORMAT = "dwarf-with-dsym";
				ENABLE_NS_ASSERTIONS = NO;
				ENABLE_STRICT_OBJC_MSGSEND = YES;
				ENABLE_USER_SCRIPT_SANDBOXING = YES;
				GCC_C_LANGUAGE_STANDARD = gnu17;
				GCC_NO_COMMON_BLOCKS = YES;
				GCC_WARN_64_TO_32_BIT_CONVERSION = YES;
				GCC_WARN_ABOUT_RETURN_TYPE = YES_ERROR;
				GCC_WARN_UNDECLARED_SELECTOR = YES;
				GCC_WARN_UNINITIALIZED_AUTOS = YES_AGGRESSIVE;
				GCC_WARN_UNUSED_FUNCTION = YES;
				GCC_WARN_UNUSED_VARIABLE = YES;
				LOCALIZATION_PREFERS_STRING_CATALOGS = YES;
				MACOSX_DEPLOYMENT_TARGET = 14.7;
				MTL_ENABLE_DEBUG_INFO = NO;
				MTL_FAST_MATH = YES;
				SDKROOT = macosx;
				SWIFT_COMPILATION_MODE = wholemodule;
			};
			name = Release;
		};
		CED13D682CEDEBCE001EDE28 /* Debug */ = {
			isa = XCBuildConfiguration;
			buildSettings = {
				AD_HOC_CODE_SIGNING_ALLOWED = YES;
				ASSETCATALOG_COMPILER_APPICON_NAME = AppIcon;
				ASSETCATALOG_COMPILER_GLOBAL_ACCENT_COLOR_NAME = AccentColor;
				CODE_SIGN_ENTITLEMENTS = UsbBlockerApp/UsbBlockerApp.entitlements;
				CODE_SIGN_IDENTITY = "-";
				CODE_SIGN_STYLE = Automatic;
				COMBINE_HIDPI_IMAGES = YES;
				CURRENT_PROJECT_VERSION = 1;
				DEVELOPMENT_ASSET_PATHS = "\"UsbBlockerApp/Preview Content\"";
				DEVELOPMENT_TEAM = 568627VAHG;
				ENABLE_HARDENED_RUNTIME = YES;
				ENABLE_PREVIEWS = YES;
				GENERATE_INFOPLIST_FILE = YES;
				INFOPLIST_KEY_NSHumanReadableCopyright = "";
				LD_RUNPATH_SEARCH_PATHS = (
					"$(inherited)",
					"@executable_path/../Frameworks",
				);
				MARKETING_VERSION = 1.0;
				PRODUCT_BUNDLE_IDENTIFIER = com.UsbBlocker;
				PRODUCT_NAME = "$(TARGET_NAME)";
				SWIFT_EMIT_LOC_STRINGS = YES;
				SWIFT_VERSION = 5.0;
			};
			name = Debug;
		};
		CED13D692CEDEBCE001EDE28 /* Release */ = {
			isa = XCBuildConfiguration;
			buildSettings = {
				AD_HOC_CODE_SIGNING_ALLOWED = YES;
				ASSETCATALOG_COMPILER_APPICON_NAME = AppIcon;
				ASSETCATALOG_COMPILER_GLOBAL_ACCENT_COLOR_NAME = AccentColor;
				CODE_SIGN_ENTITLEMENTS = UsbBlockerApp/UsbBlockerApp.entitlements;
				CODE_SIGN_IDENTITY = "-";
				CODE_SIGN_STYLE = Automatic;
				COMBINE_HIDPI_IMAGES = YES;
				CURRENT_PROJECT_VERSION = 1;
				DEVELOPMENT_ASSET_PATHS = "\"UsbBlockerApp/Preview Content\"";
				DEVELOPMENT_TEAM = 568627VAHG;
				ENABLE_HARDENED_RUNTIME = YES;
				ENABLE_PREVIEWS = YES;
				GENERATE_INFOPLIST_FILE = YES;
				INFOPLIST_KEY_NSHumanReadableCopyright = "";
				LD_RUNPATH_SEARCH_PATHS = (
					"$(inherited)",
					"@executable_path/../Frameworks",
				);
				MARKETING_VERSION = 1.0;
				PRODUCT_BUNDLE_IDENTIFIER = com.UsbBlocker;
				PRODUCT_NAME = "$(TARGET_NAME)";
				SWIFT_EMIT_LOC_STRINGS = YES;
				SWIFT_VERSION = 5.0;
			};
			name = Release;
		};
		CED13D7E2CEDED7E001EDE28 /* Debug */ = {
			isa = XCBuildConfiguration;
			buildSettings = {
				AD_HOC_CODE_SIGNING_ALLOWED = YES;
				ARCHS = (
					"$(ARCHS_STANDARD)",
					arm64e,
				);
				CODE_SIGN_ENTITLEMENTS = UsbBlockerDriver/UsbBlockerDriver.entitlements;
				CODE_SIGN_IDENTITY = "-";
				CODE_SIGN_STYLE = Automatic;
				CURRENT_PROJECT_VERSION = 1;
				DEVELOPMENT_TEAM = 568627VAHG;
				DRIVERKIT_DEPLOYMENT_TARGET = 24.1;
				FRAMEWORK_SEARCH_PATHS = (
					"$(inherited)",
					"$(SDKROOT)/System/DriverKit/System/Library/Frameworks",
				);
				GENERATE_INFOPLIST_FILE = YES;
				INFOPLIST_FILE = UsbBlockerDriver/Info.plist;
				INFOPLIST_KEY_OSBundleUsageDescription = "";
				MARKETING_VERSION = 1.0;
				PRODUCT_BUNDLE_IDENTIFIER = com.UsbBlocker.Driver;
				PRODUCT_NAME = "$(inherited)";
				RUN_CLANG_STATIC_ANALYZER = YES;
				SDKROOT = driverkit;
				SKIP_INSTALL = YES;
				SWIFT_EMIT_LOC_STRINGS = YES;
			};
			name = Debug;
		};
		CED13D7F2CEDED7E001EDE28 /* Release */ = {
			isa = XCBuildConfiguration;
			buildSettings = {
				AD_HOC_CODE_SIGNING_ALLOWED = YES;
				ARCHS = (
					"$(ARCHS_STANDARD)",
					arm64e,
				);
				CODE_SIGN_ENTITLEMENTS = UsbBlockerDriver/UsbBlockerDriver.entitlements;
				CODE_SIGN_IDENTITY = "-";
				CODE_SIGN_STYLE = Automatic;
				CURRENT_PROJECT_VERSION = 1;
				DEVELOPMENT_TEAM = 568627VAHG;
				DRIVERKIT_DEPLOYMENT_TARGET = 24.1;
				FRAMEWORK_SEARCH_PATHS = (
					"$(inherited)",
					"$(SDKROOT)/System/DriverKit/System/Library/Frameworks",
				);
				GENERATE_INFOPLIST_FILE = YES;
				INFOPLIST_FILE = UsbBlockerDriver/Info.plist;
				INFOPLIST_KEY_OSBundleUsageDescription = "";
				MARKETING_VERSION = 1.0;
				PRODUCT_BUNDLE_IDENTIFIER = com.UsbBlocker.Driver;
				PRODUCT_NAME = "$(inherited)";
				RUN_CLANG_STATIC_ANALYZER = YES;
				SDKROOT = driverkit;
				SKIP_INSTALL = YES;
				SWIFT_EMIT_LOC_STRINGS = YES;
			};
			name = Release;
		};
/* End XCBuildConfiguration section */

/* Begin XCConfigurationList section */
		CED13D532CEDEBCC001EDE28 /* Build configuration list for PBXProject "UsbBlockerApp" */ = {
			isa = XCConfigurationList;
			buildConfigurations = (
				CED13D652CEDEBCE001EDE28 /* Debug */,
				CED13D662CEDEBCE001EDE28 /* Release */,
			);
			defaultConfigurationIsVisible = 0;
			defaultConfigurationName = Release;
		};
		CED13D672CEDEBCE001EDE28 /* Build configuration list for PBXNativeTarget "UsbBlockerApp" */ = {
			isa = XCConfigurationList;
			buildConfigurations = (
				CED13D682CEDEBCE001EDE28 /* Debug */,
				CED13D692CEDEBCE001EDE28 /* Release */,
			);
			defaultConfigurationIsVisible = 0;
			defaultConfigurationName = Release;
		};
		CED13D7D2CEDED7E001EDE28 /* Build configuration list for PBXNativeTarget "UsbBlockerDriver" */ = {
			isa = XCConfigurationList;
			buildConfigurations = (
				CED13D7E2CEDED7E001EDE28 /* Debug */,
				CED13D7F2CEDED7E001EDE28 /* Release */,
			);
			defaultConfigurationIsVisible = 0;
			defaultConfigurationName = Release;
		};
/* End XCConfigurationList section */
	};
	rootObject = CED13D502CEDEBCC001EDE28 /* Project object */;
}
